
Microsoft Visual Studio Solution File, Format Version 12.00
# Visual Studio Version 17
VisualStudioVersion = 17.11.35219.272
MinimumVisualStudioVersion = 10.0.40219.1
Project("{FAE04EC0-301F-11D3-BF4B-00C04F79EFBC}") = "UnitPrice", "UnitPrice\UnitPrice.csproj", "{C201DB79-DD65-4E77-9007-03E3F67937BC}"
EndProject
Global
	GlobalSection(SolutionConfigurationPlatforms) = preSolution
		Debug|Any CPU = Debug|Any CPU
		Release|Any CPU = Release|Any CPU
	EndGlobalSection
	GlobalSection(ProjectConfigurationPlatforms) = postSolution
		{C201DB79-DD65-4E77-9007-03E3F67937BC}.Debug|Any CPU.ActiveCfg = Debug|Any CPU
		{C201DB79-DD65-4E77-9007-03E3F67937BC}.Debug|Any CPU.Build.0 = Debug|Any CPU
		{C201DB79-DD65-4E77-9007-03E3F67937BC}.Debug|Any CPU.Deploy.0 = Debug|Any CPU
		{C201DB79-DD65-4E77-9007-03E3F67937BC}.Release|Any CPU.ActiveCfg = Release|Any CPU
		{C201DB79-DD65-4E77-9007-03E3F67937BC}.Release|Any CPU.Build.0 = Release|Any CPU
		{C201DB79-DD65-4E77-9007-03E3F67937BC}.Release|Any CPU.Deploy.0 = Release|Any CPU
	EndGlobalSection
	GlobalSection(SolutionProperties) = preSolution
		HideSolutionNode = FALSE
	EndGlobalSection
	GlobalSection(ExtensibilityGlobals) = postSolution
		SolutionGuid = {893F38BC-6E8E-45F6-8389-BEED9001FB82}
	EndGlobalSection
EndGlobal
